
Microsoft Visual Studio Solution File, Format Version 12.00
# Visual Studio Version 16
VisualStudioVersion = 16.0.31025.194
MinimumVisualStudioVersion = 10.0.40219.1
Project("{FAE04EC0-301F-11D3-BF4B-00C04F79EFBC}") = "homework1", "homework1\homework1.csproj", "{FEFF826D-81A2-4ABC-9CA1-6D67BC1F6199}"
EndProject
Project("{2150E333-8FDC-42A3-9474-1A3956D46DE8}") = "Solution Items", "Solution Items", "{A62F67DA-7340-40C4-9B25-8AF34F19D6A8}"
	ProjectSection(SolutionItems) = preProject
		.gitignore = .gitignore
	EndProjectSection
EndProject
Project("{FAE04EC0-301F-11D3-BF4B-00C04F79EFBC}") = "homework2", "homework2\homework2.csproj", "{ABDCF03E-0A9E-4EA6-B1A3-2A283095352F}"
EndProject
Project("{FAE04EC0-301F-11D3-BF4B-00C04F79EFBC}") = "Lecture6", "Lecture6\Lecture6.csproj", "{AF86DDCD-B48F-4F4B-A670-D7BEBDA72487}"
EndProject
Project("{FAE04EC0-301F-11D3-BF4B-00C04F79EFBC}") = "Presentation1", "Presentation1\Presentation1.csproj", "{46136742-B098-4FCB-86EC-B50E458F10EC}"
EndProject
Project("{FAE04EC0-301F-11D3-BF4B-00C04F79EFBC}") = "Midterm1", "Midterm1\Midterm1.csproj", "{EB50E860-A083-421D-9CF1-17F578FFD37D}"
EndProject
Global
	GlobalSection(SolutionConfigurationPlatforms) = preSolution
		Debug|Any CPU = Debug|Any CPU
		Release|Any CPU = Release|Any CPU
	EndGlobalSection
	GlobalSection(ProjectConfigurationPlatforms) = postSolution
		{FEFF826D-81A2-4ABC-9CA1-6D67BC1F6199}.Debug|Any CPU.ActiveCfg = Debug|Any CPU
		{FEFF826D-81A2-4ABC-9CA1-6D67BC1F6199}.Debug|Any CPU.Build.0 = Debug|Any CPU
		{FEFF826D-81A2-4ABC-9CA1-6D67BC1F6199}.Release|Any CPU.ActiveCfg = Release|Any CPU
		{FEFF826D-81A2-4ABC-9CA1-6D67BC1F6199}.Release|Any CPU.Build.0 = Release|Any CPU
		{ABDCF03E-0A9E-4EA6-B1A3-2A283095352F}.Debug|Any CPU.ActiveCfg = Debug|Any CPU
		{ABDCF03E-0A9E-4EA6-B1A3-2A283095352F}.Debug|Any CPU.Build.0 = Debug|Any CPU
		{ABDCF03E-0A9E-4EA6-B1A3-2A283095352F}.Release|Any CPU.ActiveCfg = Release|Any CPU
		{ABDCF03E-0A9E-4EA6-B1A3-2A283095352F}.Release|Any CPU.Build.0 = Release|Any CPU
		{AF86DDCD-B48F-4F4B-A670-D7BEBDA72487}.Debug|Any CPU.ActiveCfg = Debug|Any CPU
		{AF86DDCD-B48F-4F4B-A670-D7BEBDA72487}.Debug|Any CPU.Build.0 = Debug|Any CPU
		{AF86DDCD-B48F-4F4B-A670-D7BEBDA72487}.Release|Any CPU.ActiveCfg = Release|Any CPU
		{AF86DDCD-B48F-4F4B-A670-D7BEBDA72487}.Release|Any CPU.Build.0 = Release|Any CPU
		{46136742-B098-4FCB-86EC-B50E458F10EC}.Debug|Any CPU.ActiveCfg = Debug|Any CPU
		{46136742-B098-4FCB-86EC-B50E458F10EC}.Debug|Any CPU.Build.0 = Debug|Any CPU
		{46136742-B098-4FCB-86EC-B50E458F10EC}.Release|Any CPU.ActiveCfg = Release|Any CPU
		{46136742-B098-4FCB-86EC-B50E458F10EC}.Release|Any CPU.Build.0 = Release|Any CPU
		{EB50E860-A083-421D-9CF1-17F578FFD37D}.Debug|Any CPU.ActiveCfg = Debug|Any CPU
		{EB50E860-A083-421D-9CF1-17F578FFD37D}.Debug|Any CPU.Build.0 = Debug|Any CPU
		{EB50E860-A083-421D-9CF1-17F578FFD37D}.Release|Any CPU.ActiveCfg = Release|Any CPU
		{EB50E860-A083-421D-9CF1-17F578FFD37D}.Release|Any CPU.Build.0 = Release|Any CPU
	EndGlobalSection
	GlobalSection(SolutionProperties) = preSolution
		HideSolutionNode = FALSE
	EndGlobalSection
	GlobalSection(ExtensibilityGlobals) = postSolution
		SolutionGuid = {243BBF57-7DA7-4BC4-881C-3010E8E2B59E}
	EndGlobalSection
EndGlobal
