
Microsoft Visual Studio Solution File, Format Version 12.00
# Visual Studio Version 16
VisualStudioVersion = 16.0.31025.194
MinimumVisualStudioVersion = 10.0.40219.1
Project("{9A19103F-16F7-4668-BE54-9A1E7A4F7556}") = "fromXml", "fromXml\fromXml.csproj", "{7785B397-A91C-4C4F-B7D8-503B6A7F879A}"
EndProject
Project("{FAE04EC0-301F-11D3-BF4B-00C04F79EFBC}") = "fromAccess", "fromAccess\fromAccess.csproj", "{59C3F467-2BB2-4C84-A178-2E625E996E2A}"
EndProject
Project("{FAE04EC0-301F-11D3-BF4B-00C04F79EFBC}") = "sqlTest", "sqlTest\sqlTest.csproj", "{FFF25C8E-CAD4-4511-8ECA-1F0B67C8D957}"
EndProject
Project("{FAE04EC0-301F-11D3-BF4B-00C04F79EFBC}") = "fromSql", "fromSql\fromSql.csproj", "{C6655C1D-8DC8-46E1-A50B-00B8877AB7D3}"
EndProject
Project("{FAE04EC0-301F-11D3-BF4B-00C04F79EFBC}") = "homework1", "homework1\homework1.csproj", "{FEFF826D-81A2-4ABC-9CA1-6D67BC1F6199}"
EndProject
Global
	GlobalSection(SolutionConfigurationPlatforms) = preSolution
		Debug|Any CPU = Debug|Any CPU
		Release|Any CPU = Release|Any CPU
	EndGlobalSection
	GlobalSection(ProjectConfigurationPlatforms) = postSolution
		{7785B397-A91C-4C4F-B7D8-503B6A7F879A}.Debug|Any CPU.ActiveCfg = Debug|Any CPU
		{7785B397-A91C-4C4F-B7D8-503B6A7F879A}.Debug|Any CPU.Build.0 = Debug|Any CPU
		{7785B397-A91C-4C4F-B7D8-503B6A7F879A}.Release|Any CPU.ActiveCfg = Release|Any CPU
		{7785B397-A91C-4C4F-B7D8-503B6A7F879A}.Release|Any CPU.Build.0 = Release|Any CPU
		{59C3F467-2BB2-4C84-A178-2E625E996E2A}.Debug|Any CPU.ActiveCfg = Debug|Any CPU
		{59C3F467-2BB2-4C84-A178-2E625E996E2A}.Debug|Any CPU.Build.0 = Debug|Any CPU
		{59C3F467-2BB2-4C84-A178-2E625E996E2A}.Release|Any CPU.ActiveCfg = Release|Any CPU
		{59C3F467-2BB2-4C84-A178-2E625E996E2A}.Release|Any CPU.Build.0 = Release|Any CPU
		{FFF25C8E-CAD4-4511-8ECA-1F0B67C8D957}.Debug|Any CPU.ActiveCfg = Debug|Any CPU
		{FFF25C8E-CAD4-4511-8ECA-1F0B67C8D957}.Debug|Any CPU.Build.0 = Debug|Any CPU
		{FFF25C8E-CAD4-4511-8ECA-1F0B67C8D957}.Release|Any CPU.ActiveCfg = Release|Any CPU
		{FFF25C8E-CAD4-4511-8ECA-1F0B67C8D957}.Release|Any CPU.Build.0 = Release|Any CPU
		{C6655C1D-8DC8-46E1-A50B-00B8877AB7D3}.Debug|Any CPU.ActiveCfg = Debug|Any CPU
		{C6655C1D-8DC8-46E1-A50B-00B8877AB7D3}.Debug|Any CPU.Build.0 = Debug|Any CPU
		{C6655C1D-8DC8-46E1-A50B-00B8877AB7D3}.Release|Any CPU.ActiveCfg = Release|Any CPU
		{C6655C1D-8DC8-46E1-A50B-00B8877AB7D3}.Release|Any CPU.Build.0 = Release|Any CPU
		{FEFF826D-81A2-4ABC-9CA1-6D67BC1F6199}.Debug|Any CPU.ActiveCfg = Debug|Any CPU
		{FEFF826D-81A2-4ABC-9CA1-6D67BC1F6199}.Debug|Any CPU.Build.0 = Debug|Any CPU
		{FEFF826D-81A2-4ABC-9CA1-6D67BC1F6199}.Release|Any CPU.ActiveCfg = Release|Any CPU
		{FEFF826D-81A2-4ABC-9CA1-6D67BC1F6199}.Release|Any CPU.Build.0 = Release|Any CPU
	EndGlobalSection
	GlobalSection(SolutionProperties) = preSolution
		HideSolutionNode = FALSE
	EndGlobalSection
	GlobalSection(ExtensibilityGlobals) = postSolution
		SolutionGuid = {243BBF57-7DA7-4BC4-881C-3010E8E2B59E}
	EndGlobalSection
EndGlobal
